// !$*UTF8*$!
{
	archiveVersion = 1;
	classes = {
	};
	objectVersion = 46;
	objects = {

/* Begin PBXBuildFile section */
		DD2ED7D21CA19D2D000FF50F /* main.m in Sources */ = {isa = PBXBuildFile; fileRef = DD2ED7D11CA19D2D000FF50F /* main.m */; };
		DD2ED7D51CA19D2D000FF50F /* AppDelegate.m in Sources */ = {isa = PBXBuildFile; fileRef = DD2ED7D41CA19D2D000FF50F /* AppDelegate.m */; };
		DD2ED7D81CA19D2D000FF50F /* ViewController.m in Sources */ = {isa = PBXBuildFile; fileRef = DD2ED7D71CA19D2D000FF50F /* ViewController.m */; };
		DD2ED7DB1CA19D2D000FF50F /* Main.storyboard in Resources */ = {isa = PBXBuildFile; fileRef = DD2ED7D91CA19D2D000FF50F /* Main.storyboard */; };
		DD2ED7DD1CA19D2D000FF50F /* Assets.xcassets in Resources */ = {isa = PBXBuildFile; fileRef = DD2ED7DC1CA19D2D000FF50F /* Assets.xcassets */; };
		DD2ED7E01CA19D2D000FF50F /* LaunchScreen.storyboard in Resources */ = {isa = PBXBuildFile; fileRef = DD2ED7DE1CA19D2D000FF50F /* LaunchScreen.storyboard */; };
		DD2ED7EB1CA19D2D000FF50F /* MXAnimatedTransitioningTests.m in Sources */ = {isa = PBXBuildFile; fileRef = DD2ED7EA1CA19D2D000FF50F /* MXAnimatedTransitioningTests.m */; };
		DD2ED7F61CA19D2D000FF50F /* MXAnimatedTransitioningUITests.m in Sources */ = {isa = PBXBuildFile; fileRef = DD2ED7F51CA19D2D000FF50F /* MXAnimatedTransitioningUITests.m */; };
		DD2ED8091CA19E70000FF50F /* MXAnimatedTransiton.m in Sources */ = {isa = PBXBuildFile; fileRef = DD2ED8081CA19E70000FF50F /* MXAnimatedTransiton.m */; };
		DDB358BA1CA532C500327C60 /* aViewController.m in Sources */ = {isa = PBXBuildFile; fileRef = DDB358B91CA532C500327C60 /* aViewController.m */; };
/* End PBXBuildFile section */

/* Begin PBXContainerItemProxy section */
		DD2ED7E71CA19D2D000FF50F /* PBXContainerItemProxy */ = {
			isa = PBXContainerItemProxy;
			containerPortal = DD2ED7C51CA19D2D000FF50F /* Project object */;
			proxyType = 1;
			remoteGlobalIDString = DD2ED7CC1CA19D2D000FF50F;
			remoteInfo = MXAnimatedTransitioning;
		};
		DD2ED7F21CA19D2D000FF50F /* PBXContainerItemProxy */ = {
			isa = PBXContainerItemProxy;
			containerPortal = DD2ED7C51CA19D2D000FF50F /* Project object */;
			proxyType = 1;
			remoteGlobalIDString = DD2ED7CC1CA19D2D000FF50F;
			remoteInfo = MXAnimatedTransitioning;
		};
/* End PBXContainerItemProxy section */

/* Begin PBXFileReference section */
		DD2ED7CD1CA19D2D000FF50F /* MXAnimatedTransitioning.app */ = {isa = PBXFileReference; explicitFileType = wrapper.application; includeInIndex = 0; path = MXAnimatedTransitioning.app; sourceTree = BUILT_PRODUCTS_DIR; };
		DD2ED7D11CA19D2D000FF50F /* main.m */ = {isa = PBXFileReference; lastKnownFileType = sourcecode.c.objc; path = main.m; sourceTree = "<group>"; };
		DD2ED7D31CA19D2D000FF50F /* AppDelegate.h */ = {isa = PBXFileReference; lastKnownFileType = sourcecode.c.h; path = AppDelegate.h; sourceTree = "<group>"; };
		DD2ED7D41CA19D2D000FF50F /* AppDelegate.m */ = {isa = PBXFileReference; lastKnownFileType = sourcecode.c.objc; path = AppDelegate.m; sourceTree = "<group>"; };
		DD2ED7D61CA19D2D000FF50F /* ViewController.h */ = {isa = PBXFileReference; lastKnownFileType = sourcecode.c.h; path = ViewController.h; sourceTree = "<group>"; };
		DD2ED7D71CA19D2D000FF50F /* ViewController.m */ = {isa = PBXFileReference; lastKnownFileType = sourcecode.c.objc; path = ViewController.m; sourceTree = "<group>"; };
		DD2ED7DA1CA19D2D000FF50F /* Base */ = {isa = PBXFileReference; lastKnownFileType = file.storyboard; name = Base; path = Base.lproj/Main.storyboard; sourceTree = "<group>"; };
		DD2ED7DC1CA19D2D000FF50F /* Assets.xcassets */ = {isa = PBXFileReference; lastKnownFileType = folder.assetcatalog; path = Assets.xcassets; sourceTree = "<group>"; };
		DD2ED7DF1CA19D2D000FF50F /* Base */ = {isa = PBXFileReference; lastKnownFileType = file.storyboard; name = Base; path = Base.lproj/LaunchScreen.storyboard; sourceTree = "<group>"; };
		DD2ED7E11CA19D2D000FF50F /* Info.plist */ = {isa = PBXFileReference; lastKnownFileType = text.plist.xml; path = Info.plist; sourceTree = "<group>"; };
		DD2ED7E61CA19D2D000FF50F /* MXAnimatedTransitioningTests.xctest */ = {isa = PBXFileReference; explicitFileType = wrapper.cfbundle; includeInIndex = 0; path = MXAnimatedTransitioningTests.xctest; sourceTree = BUILT_PRODUCTS_DIR; };
		DD2ED7EA1CA19D2D000FF50F /* MXAnimatedTransitioningTests.m */ = {isa = PBXFileReference; lastKnownFileType = sourcecode.c.objc; path = MXAnimatedTransitioningTests.m; sourceTree = "<group>"; };
		DD2ED7EC1CA19D2D000FF50F /* Info.plist */ = {isa = PBXFileReference; lastKnownFileType = text.plist.xml; path = Info.plist; sourceTree = "<group>"; };
		DD2ED7F11CA19D2D000FF50F /* MXAnimatedTransitioningUITests.xctest */ = {isa = PBXFileReference; explicitFileType = wrapper.cfbundle; includeInIndex = 0; path = MXAnimatedTransitioningUITests.xctest; sourceTree = BUILT_PRODUCTS_DIR; };
		DD2ED7F51CA19D2D000FF50F /* MXAnimatedTransitioningUITests.m */ = {isa = PBXFileReference; lastKnownFileType = sourcecode.c.objc; path = MXAnimatedTransitioningUITests.m; sourceTree = "<group>"; };
		DD2ED7F71CA19D2D000FF50F /* Info.plist */ = {isa = PBXFileReference; lastKnownFileType = text.plist.xml; path = Info.plist; sourceTree = "<group>"; };
		DD2ED8071CA19E70000FF50F /* MXAnimatedTransiton.h */ = {isa = PBXFileReference; fileEncoding = 4; lastKnownFileType = sourcecode.c.h; path = MXAnimatedTransiton.h; sourceTree = "<group>"; };
		DD2ED8081CA19E70000FF50F /* MXAnimatedTransiton.m */ = {isa = PBXFileReference; fileEncoding = 4; lastKnownFileType = sourcecode.c.objc; path = MXAnimatedTransiton.m; sourceTree = "<group>"; };
		DDB358B81CA532C500327C60 /* aViewController.h */ = {isa = PBXFileReference; fileEncoding = 4; lastKnownFileType = sourcecode.c.h; path = aViewController.h; sourceTree = "<group>"; };
		DDB358B91CA532C500327C60 /* aViewController.m */ = {isa = PBXFileReference; fileEncoding = 4; lastKnownFileType = sourcecode.c.objc; path = aViewController.m; sourceTree = "<group>"; };
/* End PBXFileReference section */

/* Begin PBXFrameworksBuildPhase section */
		DD2ED7CA1CA19D2D000FF50F /* Frameworks */ = {
			isa = PBXFrameworksBuildPhase;
			buildActionMask = 2147483647;
			files = (
			);
			runOnlyForDeploymentPostprocessing = 0;
		};
		DD2ED7E31CA19D2D000FF50F /* Frameworks */ = {
			isa = PBXFrameworksBuildPhase;
			buildActionMask = 2147483647;
			files = (
			);
			runOnlyForDeploymentPostprocessing = 0;
		};
		DD2ED7EE1CA19D2D000FF50F /* Frameworks */ = {
			isa = PBXFrameworksBuildPhase;
			buildActionMask = 2147483647;
			files = (
			);
			runOnlyForDeploymentPostprocessing = 0;
		};
/* End PBXFrameworksBuildPhase section */

/* Begin PBXGroup section */
		DD2ED7C41CA19D2D000FF50F = {
			isa = PBXGroup;
			children = (
				DD2ED7CF1CA19D2D000FF50F /* MXAnimatedTransitioning */,
				DD2ED7E91CA19D2D000FF50F /* MXAnimatedTransitioningTests */,
				DD2ED7F41CA19D2D000FF50F /* MXAnimatedTransitioningUITests */,
				DD2ED7CE1CA19D2D000FF50F /* Products */,
			);
			sourceTree = "<group>";
		};
		DD2ED7CE1CA19D2D000FF50F /* Products */ = {
			isa = PBXGroup;
			children = (
				DD2ED7CD1CA19D2D000FF50F /* MXAnimatedTransitioning.app */,
				DD2ED7E61CA19D2D000FF50F /* MXAnimatedTransitioningTests.xctest */,
				DD2ED7F11CA19D2D000FF50F /* MXAnimatedTransitioningUITests.xctest */,
			);
			name = Products;
			sourceTree = "<group>";
		};
		DD2ED7CF1CA19D2D000FF50F /* MXAnimatedTransitioning */ = {
			isa = PBXGroup;
			children = (
				DD2ED8061CA19E54000FF50F /* MXTransition */,
				DD2ED7D31CA19D2D000FF50F /* AppDelegate.h */,
				DD2ED7D41CA19D2D000FF50F /* AppDelegate.m */,
				DD2ED7D61CA19D2D000FF50F /* ViewController.h */,
				DD2ED7D71CA19D2D000FF50F /* ViewController.m */,
				DDB358B81CA532C500327C60 /* aViewController.h */,
				DDB358B91CA532C500327C60 /* aViewController.m */,
				DD2ED7D91CA19D2D000FF50F /* Main.storyboard */,
				DD2ED7DC1CA19D2D000FF50F /* Assets.xcassets */,
				DD2ED7DE1CA19D2D000FF50F /* LaunchScreen.storyboard */,
				DD2ED7E11CA19D2D000FF50F /* Info.plist */,
				DD2ED7D01CA19D2D000FF50F /* Supporting Files */,
			);
			path = MXAnimatedTransitioning;
			sourceTree = "<group>";
		};
		DD2ED7D01CA19D2D000FF50F /* Supporting Files */ = {
			isa = PBXGroup;
			children = (
				DD2ED7D11CA19D2D000FF50F /* main.m */,
			);
			name = "Supporting Files";
			sourceTree = "<group>";
		};
		DD2ED7E91CA19D2D000FF50F /* MXAnimatedTransitioningTests */ = {
			isa = PBXGroup;
			children = (
				DD2ED7EA1CA19D2D000FF50F /* MXAnimatedTransitioningTests.m */,
				DD2ED7EC1CA19D2D000FF50F /* Info.plist */,
			);
			path = MXAnimatedTransitioningTests;
			sourceTree = "<group>";
		};
		DD2ED7F41CA19D2D000FF50F /* MXAnimatedTransitioningUITests */ = {
			isa = PBXGroup;
			children = (
				DD2ED7F51CA19D2D000FF50F /* MXAnimatedTransitioningUITests.m */,
				DD2ED7F71CA19D2D000FF50F /* Info.plist */,
			);
			path = MXAnimatedTransitioningUITests;
			sourceTree = "<group>";
		};
		DD2ED8061CA19E54000FF50F /* MXTransition */ = {
			isa = PBXGroup;
			children = (
				DD2ED8071CA19E70000FF50F /* MXAnimatedTransiton.h */,
				DD2ED8081CA19E70000FF50F /* MXAnimatedTransiton.m */,
			);
			path = MXTransition;
			sourceTree = "<group>";
		};
/* End PBXGroup section */

/* Begin PBXNativeTarget section */
		DD2ED7CC1CA19D2D000FF50F /* MXAnimatedTransitioning */ = {
			isa = PBXNativeTarget;
			buildConfigurationList = DD2ED7FA1CA19D2D000FF50F /* Build configuration list for PBXNativeTarget "MXAnimatedTransitioning" */;
			buildPhases = (
				DD2ED7C91CA19D2D000FF50F /* Sources */,
				DD2ED7CA1CA19D2D000FF50F /* Frameworks */,
				DD2ED7CB1CA19D2D000FF50F /* Resources */,
			);
			buildRules = (
			);
			dependencies = (
			);
			name = MXAnimatedTransitioning;
			productName = MXAnimatedTransitioning;
			productReference = DD2ED7CD1CA19D2D000FF50F /* MXAnimatedTransitioning.app */;
			productType = "com.apple.product-type.application";
		};
		DD2ED7E51CA19D2D000FF50F /* MXAnimatedTransitioningTests */ = {
			isa = PBXNativeTarget;
			buildConfigurationList = DD2ED7FD1CA19D2D000FF50F /* Build configuration list for PBXNativeTarget "MXAnimatedTransitioningTests" */;
			buildPhases = (
				DD2ED7E21CA19D2D000FF50F /* Sources */,
				DD2ED7E31CA19D2D000FF50F /* Frameworks */,
				DD2ED7E41CA19D2D000FF50F /* Resources */,
			);
			buildRules = (
			);
			dependencies = (
				DD2ED7E81CA19D2D000FF50F /* PBXTargetDependency */,
			);
			name = MXAnimatedTransitioningTests;
			productName = MXAnimatedTransitioningTests;
			productReference = DD2ED7E61CA19D2D000FF50F /* MXAnimatedTransitioningTests.xctest */;
			productType = "com.apple.product-type.bundle.unit-test";
		};
		DD2ED7F01CA19D2D000FF50F /* MXAnimatedTransitioningUITests */ = {
			isa = PBXNativeTarget;
			buildConfigurationList = DD2ED8001CA19D2D000FF50F /* Build configuration list for PBXNativeTarget "MXAnimatedTransitioningUITests" */;
			buildPhases = (
				DD2ED7ED1CA19D2D000FF50F /* Sources */,
				DD2ED7EE1CA19D2D000FF50F /* Frameworks */,
				DD2ED7EF1CA19D2D000FF50F /* Resources */,
			);
			buildRules = (
			);
			dependencies = (
				DD2ED7F31CA19D2D000FF50F /* PBXTargetDependency */,
			);
			name = MXAnimatedTransitioningUITests;
			productName = MXAnimatedTransitioningUITests;
			productReference = DD2ED7F11CA19D2D000FF50F /* MXAnimatedTransitioningUITests.xctest */;
			productType = "com.apple.product-type.bundle.ui-testing";
		};
/* End PBXNativeTarget section */

/* Begin PBXProject section */
		DD2ED7C51CA19D2D000FF50F /* Project object */ = {
			isa = PBXProject;
			attributes = {
				LastUpgradeCheck = 0720;
				ORGANIZATIONNAME = "谢鹏翔";
				TargetAttributes = {
					DD2ED7CC1CA19D2D000FF50F = {
						CreatedOnToolsVersion = 7.2;
						DevelopmentTeam = CUP7DGA47M;
					};
					DD2ED7E51CA19D2D000FF50F = {
						CreatedOnToolsVersion = 7.2;
						TestTargetID = DD2ED7CC1CA19D2D000FF50F;
					};
					DD2ED7F01CA19D2D000FF50F = {
						CreatedOnToolsVersion = 7.2;
						TestTargetID = DD2ED7CC1CA19D2D000FF50F;
					};
				};
			};
			buildConfigurationList = DD2ED7C81CA19D2D000FF50F /* Build configuration list for PBXProject "MXAnimatedTransitioning" */;
			compatibilityVersion = "Xcode 3.2";
			developmentRegion = English;
			hasScannedForEncodings = 0;
			knownRegions = (
				en,
				Base,
			);
			mainGroup = DD2ED7C41CA19D2D000FF50F;
			productRefGroup = DD2ED7CE1CA19D2D000FF50F /* Products */;
			projectDirPath = "";
			projectRoot = "";
			targets = (
				DD2ED7CC1CA19D2D000FF50F /* MXAnimatedTransitioning */,
				DD2ED7E51CA19D2D000FF50F /* MXAnimatedTransitioningTests */,
				DD2ED7F01CA19D2D000FF50F /* MXAnimatedTransitioningUITests */,
			);
		};
/* End PBXProject section */

/* Begin PBXResourcesBuildPhase section */
		DD2ED7CB1CA19D2D000FF50F /* Resources */ = {
			isa = PBXResourcesBuildPhase;
			buildActionMask = 2147483647;
			files = (
				DD2ED7E01CA19D2D000FF50F /* LaunchScreen.storyboard in Resources */,
				DD2ED7DD1CA19D2D000FF50F /* Assets.xcassets in Resources */,
				DD2ED7DB1CA19D2D000FF50F /* Main.storyboard in Resources */,
			);
			runOnlyForDeploymentPostprocessing = 0;
		};
		DD2ED7E41CA19D2D000FF50F /* Resources */ = {
			isa = PBXResourcesBuildPhase;
			buildActionMask = 2147483647;
			files = (
			);
			runOnlyForDeploymentPostprocessing = 0;
		};
		DD2ED7EF1CA19D2D000FF50F /* Resources */ = {
			isa = PBXResourcesBuildPhase;
			buildActionMask = 2147483647;
			files = (
			);
			runOnlyForDeploymentPostprocessing = 0;
		};
/* End PBXResourcesBuildPhase section */

/* Begin PBXSourcesBuildPhase section */
		DD2ED7C91CA19D2D000FF50F /* Sources */ = {
			isa = PBXSourcesBuildPhase;
			buildActionMask = 2147483647;
			files = (
				DD2ED7D81CA19D2D000FF50F /* ViewController.m in Sources */,
				DDB358BA1CA532C500327C60 /* aViewController.m in Sources */,
				DD2ED7D51CA19D2D000FF50F /* AppDelegate.m in Sources */,
				DD2ED8091CA19E70000FF50F /* MXAnimatedTransiton.m in Sources */,
				DD2ED7D21CA19D2D000FF50F /* main.m in Sources */,
			);
			runOnlyForDeploymentPostprocessing = 0;
		};
		DD2ED7E21CA19D2D000FF50F /* Sources */ = {
			isa = PBXSourcesBuildPhase;
			buildActionMask = 2147483647;
			files = (
				DD2ED7EB1CA19D2D000FF50F /* MXAnimatedTransitioningTests.m in Sources */,
			);
			runOnlyForDeploymentPostprocessing = 0;
		};
		DD2ED7ED1CA19D2D000FF50F /* Sources */ = {
			isa = PBXSourcesBuildPhase;
			buildActionMask = 2147483647;
			files = (
				DD2ED7F61CA19D2D000FF50F /* MXAnimatedTransitioningUITests.m in Sources */,
			);
			runOnlyForDeploymentPostprocessing = 0;
		};
/* End PBXSourcesBuildPhase section */

/* Begin PBXTargetDependency section */
		DD2ED7E81CA19D2D000FF50F /* PBXTargetDependency */ = {
			isa = PBXTargetDependency;
			target = DD2ED7CC1CA19D2D000FF50F /* MXAnimatedTransitioning */;
			targetProxy = DD2ED7E71CA19D2D000FF50F /* PBXContainerItemProxy */;
		};
		DD2ED7F31CA19D2D000FF50F /* PBXTargetDependency */ = {
			isa = PBXTargetDependency;
			target = DD2ED7CC1CA19D2D000FF50F /* MXAnimatedTransitioning */;
			targetProxy = DD2ED7F21CA19D2D000FF50F /* PBXContainerItemProxy */;
		};
/* End PBXTargetDependency section */

/* Begin PBXVariantGroup section */
		DD2ED7D91CA19D2D000FF50F /* Main.storyboard */ = {
			isa = PBXVariantGroup;
			children = (
				DD2ED7DA1CA19D2D000FF50F /* Base */,
			);
			name = Main.storyboard;
			sourceTree = "<group>";
		};
		DD2ED7DE1CA19D2D000FF50F /* LaunchScreen.storyboard */ = {
			isa = PBXVariantGroup;
			children = (
				DD2ED7DF1CA19D2D000FF50F /* Base */,
			);
			name = LaunchScreen.storyboard;
			sourceTree = "<group>";
		};
/* End PBXVariantGroup section */

/* Begin XCBuildConfiguration section */
		DD2ED7F81CA19D2D000FF50F /* Debug */ = {
			isa = XCBuildConfiguration;
			buildSettings = {
				ALWAYS_SEARCH_USER_PATHS = NO;
				CLANG_CXX_LANGUAGE_STANDARD = "gnu++0x";
				CLANG_CXX_LIBRARY = "libc++";
				CLANG_ENABLE_MODULES = YES;
				CLANG_ENABLE_OBJC_ARC = YES;
				CLANG_WARN_BOOL_CONVERSION = YES;
				CLANG_WARN_CONSTANT_CONVERSION = YES;
				CLANG_WARN_DIRECT_OBJC_ISA_USAGE = YES_ERROR;
				CLANG_WARN_EMPTY_BODY = YES;
				CLANG_WARN_ENUM_CONVERSION = YES;
				CLANG_WARN_INT_CONVERSION = YES;
				CLANG_WARN_OBJC_ROOT_CLASS = YES_ERROR;
				CLANG_WARN_UNREACHABLE_CODE = YES;
				CLANG_WARN__DUPLICATE_METHOD_MATCH = YES;
				"CODE_SIGN_IDENTITY[sdk=iphoneos*]" = "iPhone Developer";
				COPY_PHASE_STRIP = NO;
				DEBUG_INFORMATION_FORMAT = dwarf;
				ENABLE_STRICT_OBJC_MSGSEND = YES;
				ENABLE_TESTABILITY = YES;
				GCC_C_LANGUAGE_STANDARD = gnu99;
				GCC_DYNAMIC_NO_PIC = NO;
				GCC_NO_COMMON_BLOCKS = YES;
				GCC_OPTIMIZATION_LEVEL = 0;
				GCC_PREPROCESSOR_DEFINITIONS = (
					"DEBUG=1",
					"$(inherited)",
				);
				GCC_WARN_64_TO_32_BIT_CONVERSION = YES;
				GCC_WARN_ABOUT_RETURN_TYPE = YES_ERROR;
				GCC_WARN_UNDECLARED_SELECTOR = YES;
				GCC_WARN_UNINITIALIZED_AUTOS = YES_AGGRESSIVE;
				GCC_WARN_UNUSED_FUNCTION = YES;
				GCC_WARN_UNUSED_VARIABLE = YES;
				IPHONEOS_DEPLOYMENT_TARGET = 9.2;
				MTL_ENABLE_DEBUG_INFO = YES;
				ONLY_ACTIVE_ARCH = YES;
				SDKROOT = iphoneos;
				TARGETED_DEVICE_FAMILY = "1,2";
			};
			name = Debug;
		};
		DD2ED7F91CA19D2D000FF50F /* Release */ = {
			isa = XCBuildConfiguration;
			buildSettings = {
				ALWAYS_SEARCH_USER_PATHS = NO;
				CLANG_CXX_LANGUAGE_STANDARD = "gnu++0x";
				CLANG_CXX_LIBRARY = "libc++";
				CLANG_ENABLE_MODULES = YES;
				CLANG_ENABLE_OBJC_ARC = YES;
				CLANG_WARN_BOOL_CONVERSION = YES;
				CLANG_WARN_CONSTANT_CONVERSION = YES;
				CLANG_WARN_DIRECT_OBJC_ISA_USAGE = YES_ERROR;
				CLANG_WARN_EMPTY_BODY = YES;
				CLANG_WARN_ENUM_CONVERSION = YES;
				CLANG_WARN_INT_CONVERSION = YES;
				CLANG_WARN_OBJC_ROOT_CLASS = YES_ERROR;
				CLANG_WARN_UNREACHABLE_CODE = YES;
				CLANG_WARN__DUPLICATE_METHOD_MATCH = YES;
				"CODE_SIGN_IDENTITY[sdk=iphoneos*]" = "iPhone Developer";
				COPY_PHASE_STRIP = NO;
				DEBUG_INFORMATION_FORMAT = "dwarf-with-dsym";
				ENABLE_NS_ASSERTIONS = NO;
				ENABLE_STRICT_OBJC_MSGSEND = YES;
				GCC_C_LANGUAGE_STANDARD = gnu99;
				GCC_NO_COMMON_BLOCKS = YES;
				GCC_WARN_64_TO_32_BIT_CONVERSION = YES;
				GCC_WARN_ABOUT_RETURN_TYPE = YES_ERROR;
				GCC_WARN_UNDECLARED_SELECTOR = YES;
				GCC_WARN_UNINITIALIZED_AUTOS = YES_AGGRESSIVE;
				GCC_WARN_UNUSED_FUNCTION = YES;
				GCC_WARN_UNUSED_VARIABLE = YES;
				IPHONEOS_DEPLOYMENT_TARGET = 9.2;
				MTL_ENABLE_DEBUG_INFO = NO;
				SDKROOT = iphoneos;
				TARGETED_DEVICE_FAMILY = "1,2";
				VALIDATE_PRODUCT = YES;
			};
			name = Release;
		};
		DD2ED7FB1CA19D2D000FF50F /* Debug */ = {
			isa = XCBuildConfiguration;
			buildSettings = {
				ASSETCATALOG_COMPILER_APPICON_NAME = AppIcon;
				CODE_SIGN_IDENTITY = "iPhone Developer";
				INFOPLIST_FILE = MXAnimatedTransitioning/Info.plist;
				IPHONEOS_DEPLOYMENT_TARGET = 7.0;
				LD_RUNPATH_SEARCH_PATHS = "$(inherited) @executable_path/Frameworks";
				PRODUCT_BUNDLE_IDENTIFIER = com.joyoung.jyond.MXAnimatedTransitioning;
				PRODUCT_NAME = "$(TARGET_NAME)";
			};
			name = Debug;
		};
		DD2ED7FC1CA19D2D000FF50F /* Release */ = {
			isa = XCBuildConfiguration;
			buildSettings = {
				ASSETCATALOG_COMPILER_APPICON_NAME = AppIcon;
				CODE_SIGN_IDENTITY = "iPhone Developer";
				INFOPLIST_FILE = MXAnimatedTransitioning/Info.plist;
				IPHONEOS_DEPLOYMENT_TARGET = 7.0;
				LD_RUNPATH_SEARCH_PATHS = "$(inherited) @executable_path/Frameworks";
				PRODUCT_BUNDLE_IDENTIFIER = com.joyoung.jyond.MXAnimatedTransitioning;
				PRODUCT_NAME = "$(TARGET_NAME)";
			};
			name = Release;
		};
		DD2ED7FE1CA19D2D000FF50F /* Debug */ = {
			isa = XCBuildConfiguration;
			buildSettings = {
				BUNDLE_LOADER = "$(TEST_HOST)";
				INFOPLIST_FILE = MXAnimatedTransitioningTests/Info.plist;
				LD_RUNPATH_SEARCH_PATHS = "$(inherited) @executable_path/Frameworks @loader_path/Frameworks";
				PRODUCT_BUNDLE_IDENTIFIER = com.joyoung.jyond.MXAnimatedTransitioningTests;
				PRODUCT_NAME = "$(TARGET_NAME)";
				TEST_HOST = "$(BUILT_PRODUCTS_DIR)/MXAnimatedTransitioning.app/MXAnimatedTransitioning";
			};
			name = Debug;
		};
		DD2ED7FF1CA19D2D000FF50F /* Release */ = {
			isa = XCBuildConfiguration;
			buildSettings = {
				BUNDLE_LOADER = "$(TEST_HOST)";
				INFOPLIST_FILE = MXAnimatedTransitioningTests/Info.plist;
				LD_RUNPATH_SEARCH_PATHS = "$(inherited) @executable_path/Frameworks @loader_path/Frameworks";
				PRODUCT_BUNDLE_IDENTIFIER = com.joyoung.jyond.MXAnimatedTransitioningTests;
				PRODUCT_NAME = "$(TARGET_NAME)";
				TEST_HOST = "$(BUILT_PRODUCTS_DIR)/MXAnimatedTransitioning.app/MXAnimatedTransitioning";
			};
			name = Release;
		};
		DD2ED8011CA19D2D000FF50F /* Debug */ = {
			isa = XCBuildConfiguration;
			buildSettings = {
				INFOPLIST_FILE = MXAnimatedTransitioningUITests/Info.plist;
				LD_RUNPATH_SEARCH_PATHS = "$(inherited) @executable_path/Frameworks @loader_path/Frameworks";
				PRODUCT_BUNDLE_IDENTIFIER = com.joyoung.jyond.MXAnimatedTransitioningUITests;
				PRODUCT_NAME = "$(TARGET_NAME)";
				TEST_TARGET_NAME = MXAnimatedTransitioning;
				USES_XCTRUNNER = YES;
			};
			name = Debug;
		};
		DD2ED8021CA19D2D000FF50F /* Release */ = {
			isa = XCBuildConfiguration;
			buildSettings = {
				INFOPLIST_FILE = MXAnimatedTransitioningUITests/Info.plist;
				LD_RUNPATH_SEARCH_PATHS = "$(inherited) @executable_path/Frameworks @loader_path/Frameworks";
				PRODUCT_BUNDLE_IDENTIFIER = com.joyoung.jyond.MXAnimatedTransitioningUITests;
				PRODUCT_NAME = "$(TARGET_NAME)";
				TEST_TARGET_NAME = MXAnimatedTransitioning;
				USES_XCTRUNNER = YES;
			};
			name = Release;
		};
/* End XCBuildConfiguration section */

/* Begin XCConfigurationList section */
		DD2ED7C81CA19D2D000FF50F /* Build configuration list for PBXProject "MXAnimatedTransitioning" */ = {
			isa = XCConfigurationList;
			buildConfigurations = (
				DD2ED7F81CA19D2D000FF50F /* Debug */,
				DD2ED7F91CA19D2D000FF50F /* Release */,
			);
			defaultConfigurationIsVisible = 0;
			defaultConfigurationName = Release;
		};
		DD2ED7FA1CA19D2D000FF50F /* Build configuration list for PBXNativeTarget "MXAnimatedTransitioning" */ = {
			isa = XCConfigurationList;
			buildConfigurations = (
				DD2ED7FB1CA19D2D000FF50F /* Debug */,
				DD2ED7FC1CA19D2D000FF50F /* Release */,
			);
			defaultConfigurationIsVisible = 0;
			defaultConfigurationName = Release;
		};
		DD2ED7FD1CA19D2D000FF50F /* Build configuration list for PBXNativeTarget "MXAnimatedTransitioningTests" */ = {
			isa = XCConfigurationList;
			buildConfigurations = (
				DD2ED7FE1CA19D2D000FF50F /* Debug */,
				DD2ED7FF1CA19D2D000FF50F /* Release */,
			);
			defaultConfigurationIsVisible = 0;
			defaultConfigurationName = Release;
		};
		DD2ED8001CA19D2D000FF50F /* Build configuration list for PBXNativeTarget "MXAnimatedTransitioningUITests" */ = {
			isa = XCConfigurationList;
			buildConfigurations = (
				DD2ED8011CA19D2D000FF50F /* Debug */,
				DD2ED8021CA19D2D000FF50F /* Release */,
			);
			defaultConfigurationIsVisible = 0;
			defaultConfigurationName = Release;
		};
/* End XCConfigurationList section */
	};
	rootObject = DD2ED7C51CA19D2D000FF50F /* Project object */;
}
